
Microsoft Visual Studio Solution File, Format Version 12.00
# Visual Studio Version 16
VisualStudioVersion = 16.0.29009.5
MinimumVisualStudioVersion = 10.0.40219.1
Project("{8BC9CEB8-8B4A-11D0-8D11-00A0C91BC942}") = "ConsoleApplication1", "ConsoleApplication1.vcxproj", "{F0EC46F7-31C5-420C-9B1F-CC1A6C5F1B38}"
EndProject
Global
	GlobalSection(SolutionConfigurationPlatforms) = preSolution
		Debug|x64 = Debug|x64
		Debug|x86 = Debug|x86
		Release|x64 = Release|x64
		Release|x86 = Release|x86
	EndGlobalSection
	GlobalSection(ProjectConfigurationPlatforms) = postSolution
		{F0EC46F7-31C5-420C-9B1F-CC1A6C5F1B38}.Debug|x64.ActiveCfg = Debug|x64
		{F0EC46F7-31C5-420C-9B1F-CC1A6C5F1B38}.Debug|x64.Build.0 = Debug|x64
		{F0EC46F7-31C5-420C-9B1F-CC1A6C5F1B38}.Debug|x86.ActiveCfg = Debug|Win32
		{F0EC46F7-31C5-420C-9B1F-CC1A6C5F1B38}.Debug|x86.Build.0 = Debug|Win32
		{F0EC46F7-31C5-420C-9B1F-CC1A6C5F1B38}.Release|x64.ActiveCfg = Release|x64
		{F0EC46F7-31C5-420C-9B1F-CC1A6C5F1B38}.Release|x64.Build.0 = Release|x64
		{F0EC46F7-31C5-420C-9B1F-CC1A6C5F1B38}.Release|x86.ActiveCfg = Release|Win32
		{F0EC46F7-31C5-420C-9B1F-CC1A6C5F1B38}.Release|x86.Build.0 = Release|Win32
	EndGlobalSection
	GlobalSection(SolutionProperties) = preSolution
		HideSolutionNode = FALSE
	EndGlobalSection
	GlobalSection(ExtensibilityGlobals) = postSolution
		SolutionGuid = {9AE6616E-6422-489A-B6F5-B77BC9043D22}
	EndGlobalSection
EndGlobal
